
Microsoft Visual Studio Solution File, Format Version 12.00
# Visual Studio Version 16
VisualStudioVersion = 16.0.33214.272
MinimumVisualStudioVersion = 10.0.40219.1
Project("{FAE04EC0-301F-11D3-BF4B-00C04F79EFBC}") = "TokenAuthenticationWebApi", "TokenAuthenticationWebApi\TokenAuthenticationWebApi.csproj", "{3EA87C3E-9790-4BCF-B73B-B1BE855E395E}"
EndProject
Global
	GlobalSection(SolutionConfigurationPlatforms) = preSolution
		Debug|Any CPU = Debug|Any CPU
		Release|Any CPU = Release|Any CPU
	EndGlobalSection
	GlobalSection(ProjectConfigurationPlatforms) = postSolution
		{3EA87C3E-9790-4BCF-B73B-B1BE855E395E}.Debug|Any CPU.ActiveCfg = Debug|Any CPU
		{3EA87C3E-9790-4BCF-B73B-B1BE855E395E}.Debug|Any CPU.Build.0 = Debug|Any CPU
		{3EA87C3E-9790-4BCF-B73B-B1BE855E395E}.Release|Any CPU.ActiveCfg = Release|Any CPU
		{3EA87C3E-9790-4BCF-B73B-B1BE855E395E}.Release|Any CPU.Build.0 = Release|Any CPU
	EndGlobalSection
	GlobalSection(SolutionProperties) = preSolution
		HideSolutionNode = FALSE
	EndGlobalSection
	GlobalSection(ExtensibilityGlobals) = postSolution
		SolutionGuid = {76ED553E-8865-4A23-93F1-1F0329407FA0}
	EndGlobalSection
EndGlobal
