
Microsoft Visual Studio Solution File, Format Version 12.00
# Visual Studio Version 16
VisualStudioVersion = 16.0.33214.272
MinimumVisualStudioVersion = 10.0.40219.1
Project("{FAE04EC0-301F-11D3-BF4B-00C04F79EFBC}") = "consoleapp_EF-DBFirst-demo", "consoleapp_EF-DBFirst-demo\consoleapp_EF-DBFirst-demo.csproj", "{F60DDD73-FE03-4A12-8EA7-D8CF41638013}"
EndProject
Global
	GlobalSection(SolutionConfigurationPlatforms) = preSolution
		Debug|Any CPU = Debug|Any CPU
		Release|Any CPU = Release|Any CPU
	EndGlobalSection
	GlobalSection(ProjectConfigurationPlatforms) = postSolution
		{F60DDD73-FE03-4A12-8EA7-D8CF41638013}.Debug|Any CPU.ActiveCfg = Debug|Any CPU
		{F60DDD73-FE03-4A12-8EA7-D8CF41638013}.Debug|Any CPU.Build.0 = Debug|Any CPU
		{F60DDD73-FE03-4A12-8EA7-D8CF41638013}.Release|Any CPU.ActiveCfg = Release|Any CPU
		{F60DDD73-FE03-4A12-8EA7-D8CF41638013}.Release|Any CPU.Build.0 = Release|Any CPU
	EndGlobalSection
	GlobalSection(SolutionProperties) = preSolution
		HideSolutionNode = FALSE
	EndGlobalSection
	GlobalSection(ExtensibilityGlobals) = postSolution
		SolutionGuid = {40263206-1F6D-4664-BA44-8A9EB2C371CA}
	EndGlobalSection
EndGlobal
