
Microsoft Visual Studio Solution File, Format Version 12.00
# Visual Studio Version 16
VisualStudioVersion = 16.0.33214.272
MinimumVisualStudioVersion = 10.0.40219.1
Project("{FAE04EC0-301F-11D3-BF4B-00C04F79EFBC}") = "LinqBasics-mvc", "LinqBasics-mvc\LinqBasics-mvc.csproj", "{F2A10B8F-734B-4ED1-92D1-E7CB3EC2A6E9}"
EndProject
Global
	GlobalSection(SolutionConfigurationPlatforms) = preSolution
		Debug|Any CPU = Debug|Any CPU
		Release|Any CPU = Release|Any CPU
	EndGlobalSection
	GlobalSection(ProjectConfigurationPlatforms) = postSolution
		{F2A10B8F-734B-4ED1-92D1-E7CB3EC2A6E9}.Debug|Any CPU.ActiveCfg = Debug|Any CPU
		{F2A10B8F-734B-4ED1-92D1-E7CB3EC2A6E9}.Debug|Any CPU.Build.0 = Debug|Any CPU
		{F2A10B8F-734B-4ED1-92D1-E7CB3EC2A6E9}.Release|Any CPU.ActiveCfg = Release|Any CPU
		{F2A10B8F-734B-4ED1-92D1-E7CB3EC2A6E9}.Release|Any CPU.Build.0 = Release|Any CPU
	EndGlobalSection
	GlobalSection(SolutionProperties) = preSolution
		HideSolutionNode = FALSE
	EndGlobalSection
	GlobalSection(ExtensibilityGlobals) = postSolution
		SolutionGuid = {378AE9A4-BC83-4E38-B647-7CE92322C42F}
	EndGlobalSection
EndGlobal
